
Microsoft Visual Studio Solution File, Format Version 12.00
# Visual Studio Version 16
VisualStudioVersion = 16.0.28721.148
MinimumVisualStudioVersion = 10.0.40219.1
Project("{FAE04EC0-301F-11D3-BF4B-00C04F79EFBC}") = "TensileStrength.Console", "TensileStrength.Console\TensileStrength.Console.csproj", "{CF85617A-C319-4163-9891-DABE798975FE}"
EndProject
Project("{FAE04EC0-301F-11D3-BF4B-00C04F79EFBC}") = "TensileStrength.Web", "TensileStrength.Web\TensileStrength.Web.csproj", "{C1E651E9-0331-4998-92C9-52443D2AEA48}"
EndProject
Project("{FAE04EC0-301F-11D3-BF4B-00C04F79EFBC}") = "TensileStrength.Business", "TensileStrength.Business\TensileStrength.Business.csproj", "{E54B6A92-3AFA-4A30-90C2-9D0656E740EF}"
EndProject
Project("{FAE04EC0-301F-11D3-BF4B-00C04F79EFBC}") = "TensileStrength.Bootstrap", "TensileStrength.Bootstrap\TensileStrength.Bootstrap.csproj", "{2F0B2ECC-5EFF-473C-9B47-9E4278A76561}"
EndProject
Project("{FAE04EC0-301F-11D3-BF4B-00C04F79EFBC}") = "TensileStrength.ADO", "TensileStrength.ADO\TensileStrength.ADO.csproj", "{27A2BE36-9776-4B57-A22D-CA6867AEE1D2}"
EndProject
Global
	GlobalSection(SolutionConfigurationPlatforms) = preSolution
		Debug|Any CPU = Debug|Any CPU
		Release|Any CPU = Release|Any CPU
	EndGlobalSection
	GlobalSection(ProjectConfigurationPlatforms) = postSolution
		{CF85617A-C319-4163-9891-DABE798975FE}.Debug|Any CPU.ActiveCfg = Debug|Any CPU
		{CF85617A-C319-4163-9891-DABE798975FE}.Debug|Any CPU.Build.0 = Debug|Any CPU
		{CF85617A-C319-4163-9891-DABE798975FE}.Release|Any CPU.ActiveCfg = Release|Any CPU
		{CF85617A-C319-4163-9891-DABE798975FE}.Release|Any CPU.Build.0 = Release|Any CPU
		{C1E651E9-0331-4998-92C9-52443D2AEA48}.Debug|Any CPU.ActiveCfg = Debug|Any CPU
		{C1E651E9-0331-4998-92C9-52443D2AEA48}.Debug|Any CPU.Build.0 = Debug|Any CPU
		{C1E651E9-0331-4998-92C9-52443D2AEA48}.Release|Any CPU.ActiveCfg = Release|Any CPU
		{C1E651E9-0331-4998-92C9-52443D2AEA48}.Release|Any CPU.Build.0 = Release|Any CPU
		{E54B6A92-3AFA-4A30-90C2-9D0656E740EF}.Debug|Any CPU.ActiveCfg = Debug|Any CPU
		{E54B6A92-3AFA-4A30-90C2-9D0656E740EF}.Debug|Any CPU.Build.0 = Debug|Any CPU
		{E54B6A92-3AFA-4A30-90C2-9D0656E740EF}.Release|Any CPU.ActiveCfg = Release|Any CPU
		{E54B6A92-3AFA-4A30-90C2-9D0656E740EF}.Release|Any CPU.Build.0 = Release|Any CPU
		{2F0B2ECC-5EFF-473C-9B47-9E4278A76561}.Debug|Any CPU.ActiveCfg = Debug|Any CPU
		{2F0B2ECC-5EFF-473C-9B47-9E4278A76561}.Debug|Any CPU.Build.0 = Debug|Any CPU
		{2F0B2ECC-5EFF-473C-9B47-9E4278A76561}.Release|Any CPU.ActiveCfg = Release|Any CPU
		{2F0B2ECC-5EFF-473C-9B47-9E4278A76561}.Release|Any CPU.Build.0 = Release|Any CPU
		{27A2BE36-9776-4B57-A22D-CA6867AEE1D2}.Debug|Any CPU.ActiveCfg = Debug|Any CPU
		{27A2BE36-9776-4B57-A22D-CA6867AEE1D2}.Debug|Any CPU.Build.0 = Debug|Any CPU
		{27A2BE36-9776-4B57-A22D-CA6867AEE1D2}.Release|Any CPU.ActiveCfg = Release|Any CPU
		{27A2BE36-9776-4B57-A22D-CA6867AEE1D2}.Release|Any CPU.Build.0 = Release|Any CPU
	EndGlobalSection
	GlobalSection(SolutionProperties) = preSolution
		HideSolutionNode = FALSE
	EndGlobalSection
	GlobalSection(ExtensibilityGlobals) = postSolution
		SolutionGuid = {F2DAC286-92D5-4FE5-A705-E28140DC889C}
	EndGlobalSection
EndGlobal
